// !$*UTF8*$!
{
	archiveVersion = 1;
	classes = {
	};
	objectVersion = 46;
	objects = {

/* Begin PBXBuildFile section */
		004176EC1A1FAA27000838AC /* Images.xcassets in Resources */ = {isa = PBXBuildFile; fileRef = 004176EB1A1FAA27000838AC /* Images.xcassets */; };
		004176FB1A1FAA27000838AC /* MuseumAppTests.swift in Sources */ = {isa = PBXBuildFile; fileRef = 004176FA1A1FAA27000838AC /* MuseumAppTests.swift */; };
		0054F28A1A2068D600FF8E40 /* CoreLocation.framework in Frameworks */ = {isa = PBXBuildFile; fileRef = 0054F2891A2068D600FF8E40 /* CoreLocation.framework */; };
		A35C13081A2898F000AA8F36 /* Main.storyboard in Resources */ = {isa = PBXBuildFile; fileRef = 004176E81A1FAA27000838AC /* Main.storyboard */; };
		A35F3B2E1A333668000BAA70 /* CoreBluetooth.framework in Frameworks */ = {isa = PBXBuildFile; fileRef = A35F3B2D1A333668000BAA70 /* CoreBluetooth.framework */; };
		C4C427B11A440DDE00022926 /* Answer.swift in Sources */ = {isa = PBXBuildFile; fileRef = C4C427AC1A440DDE00022926 /* Answer.swift */; };
		C4C427B21A440DDE00022926 /* TableViewCell.swift in Sources */ = {isa = PBXBuildFile; fileRef = C4C427AD1A440DDE00022926 /* TableViewCell.swift */; };
		C4C427B31A440DDE00022926 /* Task.swift in Sources */ = {isa = PBXBuildFile; fileRef = C4C427AE1A440DDE00022926 /* Task.swift */; };
		C4C427B41A440DDE00022926 /* TaskDetailViewController.swift in Sources */ = {isa = PBXBuildFile; fileRef = C4C427AF1A440DDE00022926 /* TaskDetailViewController.swift */; };
		C4C427B51A440DDE00022926 /* TasksViewController.swift in Sources */ = {isa = PBXBuildFile; fileRef = C4C427B01A440DDE00022926 /* TasksViewController.swift */; };
		C4C427B71A440E3400022926 /* NavigationToolbar.swift in Sources */ = {isa = PBXBuildFile; fileRef = C4C427B61A440E3400022926 /* NavigationToolbar.swift */; };
		C4C427C01A440E4400022926 /* AppDelegate.swift in Sources */ = {isa = PBXBuildFile; fileRef = C4C427B91A440E4400022926 /* AppDelegate.swift */; };
		C4C427C11A440E4400022926 /* Beacon.swift in Sources */ = {isa = PBXBuildFile; fileRef = C4C427BA1A440E4400022926 /* Beacon.swift */; };
		C4C427C21A440E4400022926 /* DataPool.swift in Sources */ = {isa = PBXBuildFile; fileRef = C4C427BB1A440E4400022926 /* DataPool.swift */; };
		C4C427C31A440E4400022926 /* HttpConnect.swift in Sources */ = {isa = PBXBuildFile; fileRef = C4C427BC1A440E4400022926 /* HttpConnect.swift */; };
		C4C427C41A440E4400022926 /* IntroViewController.swift in Sources */ = {isa = PBXBuildFile; fileRef = C4C427BD1A440E4400022926 /* IntroViewController.swift */; };
		C4C427C51A440E4400022926 /* Item.swift in Sources */ = {isa = PBXBuildFile; fileRef = C4C427BE1A440E4400022926 /* Item.swift */; };
		C4C427C61A440E4400022926 /* Location.swift in Sources */ = {isa = PBXBuildFile; fileRef = C4C427BF1A440E4400022926 /* Location.swift */; };
		C4C427CD1A440E4C00022926 /* Highscore.swift in Sources */ = {isa = PBXBuildFile; fileRef = C4C427C81A440E4C00022926 /* Highscore.swift */; };
		C4C427CE1A440E4C00022926 /* highscoreTableViewCell.swift in Sources */ = {isa = PBXBuildFile; fileRef = C4C427C91A440E4C00022926 /* highscoreTableViewCell.swift */; };
		C4C427CF1A440E4C00022926 /* highscoreTableViewCell.xib in Resources */ = {isa = PBXBuildFile; fileRef = C4C427CA1A440E4C00022926 /* highscoreTableViewCell.xib */; };
		C4C427D01A440E4C00022926 /* HighscoreViewController.swift in Sources */ = {isa = PBXBuildFile; fileRef = C4C427CB1A440E4C00022926 /* HighscoreViewController.swift */; };
		C4C427D11A440E4C00022926 /* SubmitScoreViewController.swift in Sources */ = {isa = PBXBuildFile; fileRef = C4C427CC1A440E4C00022926 /* SubmitScoreViewController.swift */; };
/* End PBXBuildFile section */

/* Begin PBXContainerItemProxy section */
		004176F51A1FAA27000838AC /* PBXContainerItemProxy */ = {
			isa = PBXContainerItemProxy;
			containerPortal = 004176D71A1FAA27000838AC /* Project object */;
			proxyType = 1;
			remoteGlobalIDString = 004176DE1A1FAA27000838AC;
			remoteInfo = MuseumApp;
		};
/* End PBXContainerItemProxy section */

/* Begin PBXFileReference section */
		004176DF1A1FAA27000838AC /* MuseumApp.app */ = {isa = PBXFileReference; explicitFileType = wrapper.application; includeInIndex = 0; path = MuseumApp.app; sourceTree = BUILT_PRODUCTS_DIR; };
		004176E91A1FAA27000838AC /* Base */ = {isa = PBXFileReference; lastKnownFileType = file.storyboard; name = Base; path = Base.lproj/Main.storyboard; sourceTree = "<group>"; };
		004176EB1A1FAA27000838AC /* Images.xcassets */ = {isa = PBXFileReference; lastKnownFileType = folder.assetcatalog; path = Images.xcassets; sourceTree = "<group>"; };
		004176EE1A1FAA27000838AC /* Base */ = {isa = PBXFileReference; lastKnownFileType = file.xib; name = Base; path = Base.lproj/LaunchScreen.xib; sourceTree = "<group>"; };
		004176F41A1FAA27000838AC /* MuseumAppTests.xctest */ = {isa = PBXFileReference; explicitFileType = wrapper.cfbundle; includeInIndex = 0; path = MuseumAppTests.xctest; sourceTree = BUILT_PRODUCTS_DIR; };
		004176F91A1FAA27000838AC /* Info.plist */ = {isa = PBXFileReference; lastKnownFileType = text.plist.xml; path = Info.plist; sourceTree = "<group>"; };
		004176FA1A1FAA27000838AC /* MuseumAppTests.swift */ = {isa = PBXFileReference; lastKnownFileType = sourcecode.swift; path = MuseumAppTests.swift; sourceTree = "<group>"; };
		0054F2891A2068D600FF8E40 /* CoreLocation.framework */ = {isa = PBXFileReference; lastKnownFileType = wrapper.framework; name = CoreLocation.framework; path = System/Library/Frameworks/CoreLocation.framework; sourceTree = SDKROOT; };
		84339F951A27B8030032DEB2 /* winner-podium.png */ = {isa = PBXFileReference; lastKnownFileType = image.png; path = "winner-podium.png"; sourceTree = "<group>"; };
		846648E91A3A1CF000050F8A /* nm_sg.jpg */ = {isa = PBXFileReference; lastKnownFileType = image.jpeg; path = nm_sg.jpg; sourceTree = "<group>"; };
		846648EB1A3A296F00050F8A /* Help.JPG */ = {isa = PBXFileReference; lastKnownFileType = image.jpeg; path = Help.JPG; sourceTree = "<group>"; };
		84E6DAC51A39BAC600509B04 /* Error.png */ = {isa = PBXFileReference; lastKnownFileType = image.png; path = Error.png; sourceTree = "<group>"; };
		84E6DAC61A39BAC600509B04 /* Tick.png */ = {isa = PBXFileReference; lastKnownFileType = image.png; path = Tick.png; sourceTree = "<group>"; };
		A35F3B2D1A333668000BAA70 /* CoreBluetooth.framework */ = {isa = PBXFileReference; lastKnownFileType = wrapper.framework; name = CoreBluetooth.framework; path = System/Library/Frameworks/CoreBluetooth.framework; sourceTree = SDKROOT; };
		C4A5D7431A41C8AD00387FD8 /* background1.jpg */ = {isa = PBXFileReference; lastKnownFileType = image.jpeg; path = background1.jpg; sourceTree = "<group>"; };
		C4C427AC1A440DDE00022926 /* Answer.swift */ = {isa = PBXFileReference; fileEncoding = 4; lastKnownFileType = sourcecode.swift; path = Answer.swift; sourceTree = "<group>"; };
		C4C427AD1A440DDE00022926 /* TableViewCell.swift */ = {isa = PBXFileReference; fileEncoding = 4; lastKnownFileType = sourcecode.swift; path = TableViewCell.swift; sourceTree = "<group>"; };
		C4C427AE1A440DDE00022926 /* Task.swift */ = {isa = PBXFileReference; fileEncoding = 4; lastKnownFileType = sourcecode.swift; path = Task.swift; sourceTree = "<group>"; };
		C4C427AF1A440DDE00022926 /* TaskDetailViewController.swift */ = {isa = PBXFileReference; fileEncoding = 4; lastKnownFileType = sourcecode.swift; path = TaskDetailViewController.swift; sourceTree = "<group>"; };
		C4C427B01A440DDE00022926 /* TasksViewController.swift */ = {isa = PBXFileReference; fileEncoding = 4; lastKnownFileType = sourcecode.swift; path = TasksViewController.swift; sourceTree = "<group>"; };
		C4C427B61A440E3400022926 /* NavigationToolbar.swift */ = {isa = PBXFileReference; fileEncoding = 4; lastKnownFileType = sourcecode.swift; path = NavigationToolbar.swift; sourceTree = "<group>"; };
		C4C427B91A440E4400022926 /* AppDelegate.swift */ = {isa = PBXFileReference; fileEncoding = 4; lastKnownFileType = sourcecode.swift; path = AppDelegate.swift; sourceTree = "<group>"; };
		C4C427BA1A440E4400022926 /* Beacon.swift */ = {isa = PBXFileReference; fileEncoding = 4; lastKnownFileType = sourcecode.swift; path = Beacon.swift; sourceTree = "<group>"; };
		C4C427BB1A440E4400022926 /* DataPool.swift */ = {isa = PBXFileReference; fileEncoding = 4; lastKnownFileType = sourcecode.swift; path = DataPool.swift; sourceTree = "<group>"; };
		C4C427BC1A440E4400022926 /* HttpConnect.swift */ = {isa = PBXFileReference; fileEncoding = 4; lastKnownFileType = sourcecode.swift; path = HttpConnect.swift; sourceTree = "<group>"; };
		C4C427BD1A440E4400022926 /* IntroViewController.swift */ = {isa = PBXFileReference; fileEncoding = 4; lastKnownFileType = sourcecode.swift; path = IntroViewController.swift; sourceTree = "<group>"; };
		C4C427BE1A440E4400022926 /* Item.swift */ = {isa = PBXFileReference; fileEncoding = 4; lastKnownFileType = sourcecode.swift; path = Item.swift; sourceTree = "<group>"; };
		C4C427BF1A440E4400022926 /* Location.swift */ = {isa = PBXFileReference; fileEncoding = 4; lastKnownFileType = sourcecode.swift; path = Location.swift; sourceTree = "<group>"; };
		C4C427C81A440E4C00022926 /* Highscore.swift */ = {isa = PBXFileReference; fileEncoding = 4; lastKnownFileType = sourcecode.swift; path = Highscore.swift; sourceTree = "<group>"; };
		C4C427C91A440E4C00022926 /* highscoreTableViewCell.swift */ = {isa = PBXFileReference; fileEncoding = 4; lastKnownFileType = sourcecode.swift; path = highscoreTableViewCell.swift; sourceTree = "<group>"; };
		C4C427CA1A440E4C00022926 /* highscoreTableViewCell.xib */ = {isa = PBXFileReference; fileEncoding = 4; lastKnownFileType = file.xib; path = highscoreTableViewCell.xib; sourceTree = "<group>"; };
		C4C427CB1A440E4C00022926 /* HighscoreViewController.swift */ = {isa = PBXFileReference; fileEncoding = 4; lastKnownFileType = sourcecode.swift; path = HighscoreViewController.swift; sourceTree = "<group>"; };
		C4C427CC1A440E4C00022926 /* SubmitScoreViewController.swift */ = {isa = PBXFileReference; fileEncoding = 4; lastKnownFileType = sourcecode.swift; path = SubmitScoreViewController.swift; sourceTree = "<group>"; };
		C4C427D31A440EBB00022926 /* Info.plist */ = {isa = PBXFileReference; fileEncoding = 4; lastKnownFileType = text.plist.xml; path = Info.plist; sourceTree = "<group>"; };
/* End PBXFileReference section */

/* Begin PBXFrameworksBuildPhase section */
		004176DC1A1FAA27000838AC /* Frameworks */ = {
			isa = PBXFrameworksBuildPhase;
			buildActionMask = 2147483647;
			files = (
				A35F3B2E1A333668000BAA70 /* CoreBluetooth.framework in Frameworks */,
				0054F28A1A2068D600FF8E40 /* CoreLocation.framework in Frameworks */,
			);
			runOnlyForDeploymentPostprocessing = 0;
		};
		004176F11A1FAA27000838AC /* Frameworks */ = {
			isa = PBXFrameworksBuildPhase;
			buildActionMask = 2147483647;
			files = (
			);
			runOnlyForDeploymentPostprocessing = 0;
		};
/* End PBXFrameworksBuildPhase section */

/* Begin PBXGroup section */
		004176D61A1FAA27000838AC = {
			isa = PBXGroup;
			children = (
				A35F3B2D1A333668000BAA70 /* CoreBluetooth.framework */,
				0054F2891A2068D600FF8E40 /* CoreLocation.framework */,
				004176E11A1FAA27000838AC /* MuseumApp */,
				004176F71A1FAA27000838AC /* MuseumAppTests */,
				004176E01A1FAA27000838AC /* Products */,
			);
			sourceTree = "<group>";
		};
		004176E01A1FAA27000838AC /* Products */ = {
			isa = PBXGroup;
			children = (
				004176DF1A1FAA27000838AC /* MuseumApp.app */,
				004176F41A1FAA27000838AC /* MuseumAppTests.xctest */,
			);
			name = Products;
			sourceTree = "<group>";
		};
		004176E11A1FAA27000838AC /* MuseumApp */ = {
			isa = PBXGroup;
			children = (
				C4C427D21A440EBB00022926 /* Supporting Files */,
				C4C427C71A440E4C00022926 /* Highscore */,
				C4C427B81A440E4400022926 /* App */,
				C4C427AB1A440DDE00022926 /* Task */,
				84339F971A27B81C0032DEB2 /* img */,
				004176E81A1FAA27000838AC /* Main.storyboard */,
				004176EB1A1FAA27000838AC /* Images.xcassets */,
				004176ED1A1FAA27000838AC /* LaunchScreen.xib */,
			);
			path = MuseumApp;
			sourceTree = "<group>";
		};
		004176F71A1FAA27000838AC /* MuseumAppTests */ = {
			isa = PBXGroup;
			children = (
				004176FA1A1FAA27000838AC /* MuseumAppTests.swift */,
				004176F81A1FAA27000838AC /* Supporting Files */,
			);
			path = MuseumAppTests;
			sourceTree = "<group>";
		};
		004176F81A1FAA27000838AC /* Supporting Files */ = {
			isa = PBXGroup;
			children = (
				004176F91A1FAA27000838AC /* Info.plist */,
			);
			name = "Supporting Files";
			sourceTree = "<group>";
		};
		84339F971A27B81C0032DEB2 /* img */ = {
			isa = PBXGroup;
			children = (
				846648EB1A3A296F00050F8A /* Help.JPG */,
				C4A5D7431A41C8AD00387FD8 /* background1.jpg */,
				846648E91A3A1CF000050F8A /* nm_sg.jpg */,
				84E6DAC51A39BAC600509B04 /* Error.png */,
				84E6DAC61A39BAC600509B04 /* Tick.png */,
				84339F951A27B8030032DEB2 /* winner-podium.png */,
			);
			name = img;
			sourceTree = "<group>";
		};
		C4C427AB1A440DDE00022926 /* Task */ = {
			isa = PBXGroup;
			children = (
				C4C427B61A440E3400022926 /* NavigationToolbar.swift */,
				C4C427AC1A440DDE00022926 /* Answer.swift */,
				C4C427AD1A440DDE00022926 /* TableViewCell.swift */,
				C4C427AE1A440DDE00022926 /* Task.swift */,
				C4C427AF1A440DDE00022926 /* TaskDetailViewController.swift */,
				C4C427B01A440DDE00022926 /* TasksViewController.swift */,
			);
			path = Task;
			sourceTree = "<group>";
		};
		C4C427B81A440E4400022926 /* App */ = {
			isa = PBXGroup;
			children = (
				C4C427B91A440E4400022926 /* AppDelegate.swift */,
				C4C427BA1A440E4400022926 /* Beacon.swift */,
				C4C427BB1A440E4400022926 /* DataPool.swift */,
				C4C427BC1A440E4400022926 /* HttpConnect.swift */,
				C4C427BD1A440E4400022926 /* IntroViewController.swift */,
				C4C427BE1A440E4400022926 /* Item.swift */,
				C4C427BF1A440E4400022926 /* Location.swift */,
			);
			path = App;
			sourceTree = "<group>";
		};
		C4C427C71A440E4C00022926 /* Highscore */ = {
			isa = PBXGroup;
			children = (
				C4C427C81A440E4C00022926 /* Highscore.swift */,
				C4C427C91A440E4C00022926 /* highscoreTableViewCell.swift */,
				C4C427CA1A440E4C00022926 /* highscoreTableViewCell.xib */,
				C4C427CB1A440E4C00022926 /* HighscoreViewController.swift */,
				C4C427CC1A440E4C00022926 /* SubmitScoreViewController.swift */,
			);
			path = Highscore;
			sourceTree = "<group>";
		};
		C4C427D21A440EBB00022926 /* Supporting Files */ = {
			isa = PBXGroup;
			children = (
				C4C427D31A440EBB00022926 /* Info.plist */,
			);
			path = "Supporting Files";
			sourceTree = "<group>";
		};
/* End PBXGroup section */

/* Begin PBXNativeTarget section */
		004176DE1A1FAA27000838AC /* MuseumApp */ = {
			isa = PBXNativeTarget;
			buildConfigurationList = 004176FE1A1FAA27000838AC /* Build configuration list for PBXNativeTarget "MuseumApp" */;
			buildPhases = (
				004176DB1A1FAA27000838AC /* Sources */,
				004176DC1A1FAA27000838AC /* Frameworks */,
				004176DD1A1FAA27000838AC /* Resources */,
			);
			buildRules = (
			);
			dependencies = (
			);
			name = MuseumApp;
			productName = MuseumApp;
			productReference = 004176DF1A1FAA27000838AC /* MuseumApp.app */;
			productType = "com.apple.product-type.application";
		};
		004176F31A1FAA27000838AC /* MuseumAppTests */ = {
			isa = PBXNativeTarget;
			buildConfigurationList = 004177011A1FAA27000838AC /* Build configuration list for PBXNativeTarget "MuseumAppTests" */;
			buildPhases = (
				004176F01A1FAA27000838AC /* Sources */,
				004176F11A1FAA27000838AC /* Frameworks */,
				004176F21A1FAA27000838AC /* Resources */,
			);
			buildRules = (
			);
			dependencies = (
				004176F61A1FAA27000838AC /* PBXTargetDependency */,
			);
			name = MuseumAppTests;
			productName = MuseumAppTests;
			productReference = 004176F41A1FAA27000838AC /* MuseumAppTests.xctest */;
			productType = "com.apple.product-type.bundle.unit-test";
		};
/* End PBXNativeTarget section */

/* Begin PBXProject section */
		004176D71A1FAA27000838AC /* Project object */ = {
			isa = PBXProject;
			attributes = {
				LastUpgradeCheck = 0610;
				ORGANIZATIONNAME = HSR;
				TargetAttributes = {
					004176DE1A1FAA27000838AC = {
						CreatedOnToolsVersion = 6.1;
						SystemCapabilities = {
							com.apple.BackgroundModes = {
								enabled = 1;
							};
						};
					};
					004176F31A1FAA27000838AC = {
						CreatedOnToolsVersion = 6.1;
						TestTargetID = 004176DE1A1FAA27000838AC;
					};
				};
			};
			buildConfigurationList = 004176DA1A1FAA27000838AC /* Build configuration list for PBXProject "MuseumApp" */;
			compatibilityVersion = "Xcode 3.2";
			developmentRegion = English;
			hasScannedForEncodings = 0;
			knownRegions = (
				en,
				Base,
			);
			mainGroup = 004176D61A1FAA27000838AC;
			productRefGroup = 004176E01A1FAA27000838AC /* Products */;
			projectDirPath = "";
			projectRoot = "";
			targets = (
				004176DE1A1FAA27000838AC /* MuseumApp */,
				004176F31A1FAA27000838AC /* MuseumAppTests */,
			);
		};
/* End PBXProject section */

/* Begin PBXResourcesBuildPhase section */
		004176DD1A1FAA27000838AC /* Resources */ = {
			isa = PBXResourcesBuildPhase;
			buildActionMask = 2147483647;
			files = (
				C4C427CF1A440E4C00022926 /* highscoreTableViewCell.xib in Resources */,
				004176EC1A1FAA27000838AC /* Images.xcassets in Resources */,
				A35C13081A2898F000AA8F36 /* Main.storyboard in Resources */,
			);
			runOnlyForDeploymentPostprocessing = 0;
		};
		004176F21A1FAA27000838AC /* Resources */ = {
			isa = PBXResourcesBuildPhase;
			buildActionMask = 2147483647;
			files = (
			);
			runOnlyForDeploymentPostprocessing = 0;
		};
/* End PBXResourcesBuildPhase section */

/* Begin PBXSourcesBuildPhase section */
		004176DB1A1FAA27000838AC /* Sources */ = {
			isa = PBXSourcesBuildPhase;
			buildActionMask = 2147483647;
			files = (
				C4C427C01A440E4400022926 /* AppDelegate.swift in Sources */,
				C4C427B41A440DDE00022926 /* TaskDetailViewController.swift in Sources */,
				C4C427C11A440E4400022926 /* Beacon.swift in Sources */,
				C4C427B11A440DDE00022926 /* Answer.swift in Sources */,
				C4C427B21A440DDE00022926 /* TableViewCell.swift in Sources */,
				C4C427B71A440E3400022926 /* NavigationToolbar.swift in Sources */,
				C4C427C21A440E4400022926 /* DataPool.swift in Sources */,
				C4C427CD1A440E4C00022926 /* Highscore.swift in Sources */,
				C4C427B51A440DDE00022926 /* TasksViewController.swift in Sources */,
				C4C427B31A440DDE00022926 /* Task.swift in Sources */,
				C4C427D01A440E4C00022926 /* HighscoreViewController.swift in Sources */,
				C4C427CE1A440E4C00022926 /* highscoreTableViewCell.swift in Sources */,
				C4C427C61A440E4400022926 /* Location.swift in Sources */,
				C4C427D11A440E4C00022926 /* SubmitScoreViewController.swift in Sources */,
				C4C427C41A440E4400022926 /* IntroViewController.swift in Sources */,
				C4C427C31A440E4400022926 /* HttpConnect.swift in Sources */,
				C4C427C51A440E4400022926 /* Item.swift in Sources */,
			);
			runOnlyForDeploymentPostprocessing = 0;
		};
		004176F01A1FAA27000838AC /* Sources */ = {
			isa = PBXSourcesBuildPhase;
			buildActionMask = 2147483647;
			files = (
				004176FB1A1FAA27000838AC /* MuseumAppTests.swift in Sources */,
			);
			runOnlyForDeploymentPostprocessing = 0;
		};
/* End PBXSourcesBuildPhase section */

/* Begin PBXTargetDependency section */
		004176F61A1FAA27000838AC /* PBXTargetDependency */ = {
			isa = PBXTargetDependency;
			target = 004176DE1A1FAA27000838AC /* MuseumApp */;
			targetProxy = 004176F51A1FAA27000838AC /* PBXContainerItemProxy */;
		};
/* End PBXTargetDependency section */

/* Begin PBXVariantGroup section */
		004176E81A1FAA27000838AC /* Main.storyboard */ = {
			isa = PBXVariantGroup;
			children = (
				004176E91A1FAA27000838AC /* Base */,
			);
			name = Main.storyboard;
			sourceTree = "<group>";
		};
		004176ED1A1FAA27000838AC /* LaunchScreen.xib */ = {
			isa = PBXVariantGroup;
			children = (
				004176EE1A1FAA27000838AC /* Base */,
			);
			name = LaunchScreen.xib;
			sourceTree = "<group>";
		};
/* End PBXVariantGroup section */

/* Begin XCBuildConfiguration section */
		004176FC1A1FAA27000838AC /* Debug */ = {
			isa = XCBuildConfiguration;
			buildSettings = {
				ALWAYS_SEARCH_USER_PATHS = NO;
				CLANG_CXX_LANGUAGE_STANDARD = "gnu++0x";
				CLANG_CXX_LIBRARY = "libc++";
				CLANG_ENABLE_MODULES = YES;
				CLANG_ENABLE_OBJC_ARC = YES;
				CLANG_WARN_BOOL_CONVERSION = YES;
				CLANG_WARN_CONSTANT_CONVERSION = YES;
				CLANG_WARN_DIRECT_OBJC_ISA_USAGE = YES_ERROR;
				CLANG_WARN_EMPTY_BODY = YES;
				CLANG_WARN_ENUM_CONVERSION = YES;
				CLANG_WARN_INT_CONVERSION = YES;
				CLANG_WARN_OBJC_ROOT_CLASS = YES_ERROR;
				CLANG_WARN_UNREACHABLE_CODE = YES;
				CLANG_WARN__DUPLICATE_METHOD_MATCH = YES;
				"CODE_SIGN_IDENTITY[sdk=iphoneos*]" = "iPhone Developer";
				CODE_SIGN_RESOURCE_RULES_PATH = "$(SDKROOT)/ResourceRules.plist";
				COPY_PHASE_STRIP = NO;
				ENABLE_STRICT_OBJC_MSGSEND = YES;
				GCC_C_LANGUAGE_STANDARD = gnu99;
				GCC_DYNAMIC_NO_PIC = NO;
				GCC_OPTIMIZATION_LEVEL = 0;
				GCC_PREPROCESSOR_DEFINITIONS = (
					"DEBUG=1",
					"$(inherited)",
				);
				GCC_SYMBOLS_PRIVATE_EXTERN = NO;
				GCC_WARN_64_TO_32_BIT_CONVERSION = YES;
				GCC_WARN_ABOUT_RETURN_TYPE = YES_ERROR;
				GCC_WARN_UNDECLARED_SELECTOR = YES;
				GCC_WARN_UNINITIALIZED_AUTOS = YES_AGGRESSIVE;
				GCC_WARN_UNUSED_FUNCTION = YES;
				GCC_WARN_UNUSED_VARIABLE = YES;
				IPHONEOS_DEPLOYMENT_TARGET = 8.1;
				MTL_ENABLE_DEBUG_INFO = YES;
				ONLY_ACTIVE_ARCH = YES;
				SDKROOT = iphoneos;
				SWIFT_OPTIMIZATION_LEVEL = "-Onone";
			};
			name = Debug;
		};
		004176FD1A1FAA27000838AC /* Release */ = {
			isa = XCBuildConfiguration;
			buildSettings = {
				ALWAYS_SEARCH_USER_PATHS = NO;
				CLANG_CXX_LANGUAGE_STANDARD = "gnu++0x";
				CLANG_CXX_LIBRARY = "libc++";
				CLANG_ENABLE_MODULES = YES;
				CLANG_ENABLE_OBJC_ARC = YES;
				CLANG_WARN_BOOL_CONVERSION = YES;
				CLANG_WARN_CONSTANT_CONVERSION = YES;
				CLANG_WARN_DIRECT_OBJC_ISA_USAGE = YES_ERROR;
				CLANG_WARN_EMPTY_BODY = YES;
				CLANG_WARN_ENUM_CONVERSION = YES;
				CLANG_WARN_INT_CONVERSION = YES;
				CLANG_WARN_OBJC_ROOT_CLASS = YES_ERROR;
				CLANG_WARN_UNREACHABLE_CODE = YES;
				CLANG_WARN__DUPLICATE_METHOD_MATCH = YES;
				"CODE_SIGN_IDENTITY[sdk=iphoneos*]" = "iPhone Developer";
				CODE_SIGN_RESOURCE_RULES_PATH = "$(SDKROOT)/ResourceRules.plist";
				COPY_PHASE_STRIP = YES;
				ENABLE_NS_ASSERTIONS = NO;
				ENABLE_STRICT_OBJC_MSGSEND = YES;
				GCC_C_LANGUAGE_STANDARD = gnu99;
				GCC_WARN_64_TO_32_BIT_CONVERSION = YES;
				GCC_WARN_ABOUT_RETURN_TYPE = YES_ERROR;
				GCC_WARN_UNDECLARED_SELECTOR = YES;
				GCC_WARN_UNINITIALIZED_AUTOS = YES_AGGRESSIVE;
				GCC_WARN_UNUSED_FUNCTION = YES;
				GCC_WARN_UNUSED_VARIABLE = YES;
				IPHONEOS_DEPLOYMENT_TARGET = 8.1;
				MTL_ENABLE_DEBUG_INFO = NO;
				SDKROOT = iphoneos;
				VALIDATE_PRODUCT = YES;
			};
			name = Release;
		};
		004176FF1A1FAA27000838AC /* Debug */ = {
			isa = XCBuildConfiguration;
			buildSettings = {
				ASSETCATALOG_COMPILER_APPICON_NAME = AppIcon;
				INFOPLIST_FILE = "MuseumApp/Supporting Files/Info.plist";
				LD_RUNPATH_SEARCH_PATHS = "$(inherited) @executable_path/Frameworks";
				PRODUCT_NAME = "$(TARGET_NAME)";
			};
			name = Debug;
		};
		004177001A1FAA27000838AC /* Release */ = {
			isa = XCBuildConfiguration;
			buildSettings = {
				ASSETCATALOG_COMPILER_APPICON_NAME = AppIcon;
				INFOPLIST_FILE = "MuseumApp/Supporting Files/Info.plist";
				LD_RUNPATH_SEARCH_PATHS = "$(inherited) @executable_path/Frameworks";
				PRODUCT_NAME = "$(TARGET_NAME)";
			};
			name = Release;
		};
		004177021A1FAA27000838AC /* Debug */ = {
			isa = XCBuildConfiguration;
			buildSettings = {
				BUNDLE_LOADER = "$(TEST_HOST)";
				FRAMEWORK_SEARCH_PATHS = (
					"$(SDKROOT)/Developer/Library/Frameworks",
					"$(inherited)",
				);
				GCC_PREPROCESSOR_DEFINITIONS = (
					"DEBUG=1",
					"$(inherited)",
				);
				INFOPLIST_FILE = MuseumAppTests/Info.plist;
				LD_RUNPATH_SEARCH_PATHS = "$(inherited) @executable_path/Frameworks @loader_path/Frameworks";
				PRODUCT_NAME = "$(TARGET_NAME)";
				TEST_HOST = "$(BUILT_PRODUCTS_DIR)/MuseumApp.app/MuseumApp";
			};
			name = Debug;
		};
		004177031A1FAA27000838AC /* Release */ = {
			isa = XCBuildConfiguration;
			buildSettings = {
				BUNDLE_LOADER = "$(TEST_HOST)";
				FRAMEWORK_SEARCH_PATHS = (
					"$(SDKROOT)/Developer/Library/Frameworks",
					"$(inherited)",
				);
				INFOPLIST_FILE = MuseumAppTests/Info.plist;
				LD_RUNPATH_SEARCH_PATHS = "$(inherited) @executable_path/Frameworks @loader_path/Frameworks";
				PRODUCT_NAME = "$(TARGET_NAME)";
				TEST_HOST = "$(BUILT_PRODUCTS_DIR)/MuseumApp.app/MuseumApp";
			};
			name = Release;
		};
/* End XCBuildConfiguration section */

/* Begin XCConfigurationList section */
		004176DA1A1FAA27000838AC /* Build configuration list for PBXProject "MuseumApp" */ = {
			isa = XCConfigurationList;
			buildConfigurations = (
				004176FC1A1FAA27000838AC /* Debug */,
				004176FD1A1FAA27000838AC /* Release */,
			);
			defaultConfigurationIsVisible = 0;
			defaultConfigurationName = Release;
		};
		004176FE1A1FAA27000838AC /* Build configuration list for PBXNativeTarget "MuseumApp" */ = {
			isa = XCConfigurationList;
			buildConfigurations = (
				004176FF1A1FAA27000838AC /* Debug */,
				004177001A1FAA27000838AC /* Release */,
			);
			defaultConfigurationIsVisible = 0;
			defaultConfigurationName = Release;
		};
		004177011A1FAA27000838AC /* Build configuration list for PBXNativeTarget "MuseumAppTests" */ = {
			isa = XCConfigurationList;
			buildConfigurations = (
				004177021A1FAA27000838AC /* Debug */,
				004177031A1FAA27000838AC /* Release */,
			);
			defaultConfigurationIsVisible = 0;
			defaultConfigurationName = Release;
		};
/* End XCConfigurationList section */
	};
	rootObject = 004176D71A1FAA27000838AC /* Project object */;
}
